{
  "name": "ContactDemo",
  "lockfileVersion": 3,
  "requires": true,
  "packages": {
    "": {
      "dependencies": {
        "pinyin4js": "^1.3.18"
      }
    },
    "node_modules/pinyin4js": {
      "version": "1.3.18",
      "resolved": "https://registry.npmmirror.com/pinyin4js/-/pinyin4js-1.3.18.tgz",
      "integrity": "sha512-XSh+ur74duB/oINgSBlvyDxlLbpi47abKoZnudkPDkm7d5HI9sqcOrZLNTEnMvpab+ZvyGp4Tts63htvLMXK6w=="
    }
  }
}
